
Microsoft Visual Studio Solution File, Format Version 12.00
# Visual Studio Version 17
VisualStudioVersion = 17.4.33110.190
MinimumVisualStudioVersion = 10.0.40219.1
Project("{FAE04EC0-301F-11D3-BF4B-00C04F79EFBC}") = "5", "5\5.csproj", "{DECF02CD-DEC0-4C43-A8AE-A0A3C5F10196}"
EndProject
Global
	GlobalSection(SolutionConfigurationPlatforms) = preSolution
		Debug|Any CPU = Debug|Any CPU
		Release|Any CPU = Release|Any CPU
	EndGlobalSection
	GlobalSection(ProjectConfigurationPlatforms) = postSolution
		{DECF02CD-DEC0-4C43-A8AE-A0A3C5F10196}.Debug|Any CPU.ActiveCfg = Debug|Any CPU
		{DECF02CD-DEC0-4C43-A8AE-A0A3C5F10196}.Debug|Any CPU.Build.0 = Debug|Any CPU
		{DECF02CD-DEC0-4C43-A8AE-A0A3C5F10196}.Release|Any CPU.ActiveCfg = Release|Any CPU
		{DECF02CD-DEC0-4C43-A8AE-A0A3C5F10196}.Release|Any CPU.Build.0 = Release|Any CPU
	EndGlobalSection
	GlobalSection(SolutionProperties) = preSolution
		HideSolutionNode = FALSE
	EndGlobalSection
	GlobalSection(ExtensibilityGlobals) = postSolution
		SolutionGuid = {F11AD0A4-55EB-4F61-A6F6-64F5D774108A}
	EndGlobalSection
EndGlobal
