
Microsoft Visual Studio Solution File, Format Version 12.00
# Visual Studio Version 17
VisualStudioVersion = 17.4.33110.190
MinimumVisualStudioVersion = 10.0.40219.1
Project("{FAE04EC0-301F-11D3-BF4B-00C04F79EFBC}") = "1", "1\1.csproj", "{9DB65340-F063-4348-81CA-4EA215074AED}"
EndProject
Global
	GlobalSection(SolutionConfigurationPlatforms) = preSolution
		Debug|Any CPU = Debug|Any CPU
		Release|Any CPU = Release|Any CPU
	EndGlobalSection
	GlobalSection(ProjectConfigurationPlatforms) = postSolution
		{9DB65340-F063-4348-81CA-4EA215074AED}.Debug|Any CPU.ActiveCfg = Debug|Any CPU
		{9DB65340-F063-4348-81CA-4EA215074AED}.Debug|Any CPU.Build.0 = Debug|Any CPU
		{9DB65340-F063-4348-81CA-4EA215074AED}.Release|Any CPU.ActiveCfg = Release|Any CPU
		{9DB65340-F063-4348-81CA-4EA215074AED}.Release|Any CPU.Build.0 = Release|Any CPU
	EndGlobalSection
	GlobalSection(SolutionProperties) = preSolution
		HideSolutionNode = FALSE
	EndGlobalSection
	GlobalSection(ExtensibilityGlobals) = postSolution
		SolutionGuid = {21733627-4F5F-45F0-8BF4-C3F45FCC2348}
	EndGlobalSection
EndGlobal
