
Microsoft Visual Studio Solution File, Format Version 12.00
# Visual Studio Version 17
VisualStudioVersion = 17.4.33110.190
MinimumVisualStudioVersion = 10.0.40219.1
Project("{FAE04EC0-301F-11D3-BF4B-00C04F79EFBC}") = "3", "3\3.csproj", "{47C4814E-F732-4003-9B48-5A0DD6C9B96B}"
EndProject
Global
	GlobalSection(SolutionConfigurationPlatforms) = preSolution
		Debug|Any CPU = Debug|Any CPU
		Release|Any CPU = Release|Any CPU
	EndGlobalSection
	GlobalSection(ProjectConfigurationPlatforms) = postSolution
		{47C4814E-F732-4003-9B48-5A0DD6C9B96B}.Debug|Any CPU.ActiveCfg = Debug|Any CPU
		{47C4814E-F732-4003-9B48-5A0DD6C9B96B}.Debug|Any CPU.Build.0 = Debug|Any CPU
		{47C4814E-F732-4003-9B48-5A0DD6C9B96B}.Release|Any CPU.ActiveCfg = Release|Any CPU
		{47C4814E-F732-4003-9B48-5A0DD6C9B96B}.Release|Any CPU.Build.0 = Release|Any CPU
	EndGlobalSection
	GlobalSection(SolutionProperties) = preSolution
		HideSolutionNode = FALSE
	EndGlobalSection
	GlobalSection(ExtensibilityGlobals) = postSolution
		SolutionGuid = {7751D2B6-C857-472E-8441-50994CF12E5B}
	EndGlobalSection
EndGlobal
